
Microsoft Visual Studio Solution File, Format Version 12.00
# Visual Studio Version 17
VisualStudioVersion = 17.14.36203.30 d17.14
MinimumVisualStudioVersion = 10.0.40219.1
Project("{8BC9CEB8-8B4A-11D0-8D11-00A0C91BC942}") = "TestRPGteam", "TestRPGteam\TestRPGteam.vcxproj", "{E0AC3155-5590-4345-9817-F3E434A5C766}"
EndProject
Global
	GlobalSection(SolutionConfigurationPlatforms) = preSolution
		Debug|x64 = Debug|x64
		Debug|x86 = Debug|x86
		Release|x64 = Release|x64
		Release|x86 = Release|x86
	EndGlobalSection
	GlobalSection(ProjectConfigurationPlatforms) = postSolution
		{E0AC3155-5590-4345-9817-F3E434A5C766}.Debug|x64.ActiveCfg = Debug|x64
		{E0AC3155-5590-4345-9817-F3E434A5C766}.Debug|x64.Build.0 = Debug|x64
		{E0AC3155-5590-4345-9817-F3E434A5C766}.Debug|x86.ActiveCfg = Debug|Win32
		{E0AC3155-5590-4345-9817-F3E434A5C766}.Debug|x86.Build.0 = Debug|Win32
		{E0AC3155-5590-4345-9817-F3E434A5C766}.Release|x64.ActiveCfg = Release|x64
		{E0AC3155-5590-4345-9817-F3E434A5C766}.Release|x64.Build.0 = Release|x64
		{E0AC3155-5590-4345-9817-F3E434A5C766}.Release|x86.ActiveCfg = Release|Win32
		{E0AC3155-5590-4345-9817-F3E434A5C766}.Release|x86.Build.0 = Release|Win32
	EndGlobalSection
	GlobalSection(SolutionProperties) = preSolution
		HideSolutionNode = FALSE
	EndGlobalSection
	GlobalSection(ExtensibilityGlobals) = postSolution
		SolutionGuid = {9806523B-3072-4D81-B8F2-453DD0C8D7C5}
	EndGlobalSection
EndGlobal
